
Microsoft Visual Studio Solution File, Format Version 12.00
# Visual Studio Version 17
VisualStudioVersion = 17.3.32929.385
MinimumVisualStudioVersion = 10.0.40219.1
Project("{FAE04EC0-301F-11D3-BF4B-00C04F79EFBC}") = "InfoSystem", "InfoSystem\InfoSystem.csproj", "{B3F84FF3-95CA-4C8C-878D-67FF74D202E6}"
EndProject
Global
	GlobalSection(SolutionConfigurationPlatforms) = preSolution
		Debug|Any CPU = Debug|Any CPU
		Release|Any CPU = Release|Any CPU
	EndGlobalSection
	GlobalSection(ProjectConfigurationPlatforms) = postSolution
		{B3F84FF3-95CA-4C8C-878D-67FF74D202E6}.Debug|Any CPU.ActiveCfg = Debug|Any CPU
		{B3F84FF3-95CA-4C8C-878D-67FF74D202E6}.Debug|Any CPU.Build.0 = Debug|Any CPU
		{B3F84FF3-95CA-4C8C-878D-67FF74D202E6}.Release|Any CPU.ActiveCfg = Release|Any CPU
		{B3F84FF3-95CA-4C8C-878D-67FF74D202E6}.Release|Any CPU.Build.0 = Release|Any CPU
	EndGlobalSection
	GlobalSection(SolutionProperties) = preSolution
		HideSolutionNode = FALSE
	EndGlobalSection
	GlobalSection(ExtensibilityGlobals) = postSolution
		SolutionGuid = {C7F0A53F-099E-4CD3-B576-B3C17CB7BF1B}
	EndGlobalSection
EndGlobal
